
Microsoft Visual Studio Solution File, Format Version 12.00
# Visual Studio Version 16
VisualStudioVersion = 16.0.30907.101
MinimumVisualStudioVersion = 10.0.40219.1
Project("{FAE04EC0-301F-11D3-BF4B-00C04F79EFBC}") = "DTC", "dcs-dtc\DTC.csproj", "{9531AFEB-A6D9-4BA9-A7CE-C3EF9CABF21A}"
EndProject
Global
	GlobalSection(SolutionConfigurationPlatforms) = preSolution
		Debug|Any CPU = Debug|Any CPU
		Release|Any CPU = Release|Any CPU
	EndGlobalSection
	GlobalSection(ProjectConfigurationPlatforms) = postSolution
		{9531AFEB-A6D9-4BA9-A7CE-C3EF9CABF21A}.Debug|Any CPU.ActiveCfg = Debug|Any CPU
		{9531AFEB-A6D9-4BA9-A7CE-C3EF9CABF21A}.Debug|Any CPU.Build.0 = Debug|Any CPU
		{9531AFEB-A6D9-4BA9-A7CE-C3EF9CABF21A}.Release|Any CPU.ActiveCfg = Release|Any CPU
		{9531AFEB-A6D9-4BA9-A7CE-C3EF9CABF21A}.Release|Any CPU.Build.0 = Release|Any CPU
	EndGlobalSection
	GlobalSection(SolutionProperties) = preSolution
		HideSolutionNode = FALSE
	EndGlobalSection
	GlobalSection(ExtensibilityGlobals) = postSolution
		SolutionGuid = {2262BBB7-BE2D-44D1-9627-CFC678729D61}
	EndGlobalSection
EndGlobal
